
Microsoft Visual Studio Solution File, Format Version 12.00
# Visual Studio Version 16
VisualStudioVersion = 16.0.31019.35
MinimumVisualStudioVersion = 10.0.40219.1
Project("{FAE04EC0-301F-11D3-BF4B-00C04F79EFBC}") = "Practice_9", "Practice_9.csproj", "{5CC1DF76-CACB-4337-8FB7-E6B9310B99D1}"
EndProject
Project("{FAE04EC0-301F-11D3-BF4B-00C04F79EFBC}") = "Practice9_Tests", "..\Practice9_Tests\Practice9_Tests.csproj", "{79ACAAC0-4B47-4BEA-B9C9-00A5A7AD6DA9}"
EndProject
Global
	GlobalSection(SolutionConfigurationPlatforms) = preSolution
		Debug|Any CPU = Debug|Any CPU
		Release|Any CPU = Release|Any CPU
	EndGlobalSection
	GlobalSection(ProjectConfigurationPlatforms) = postSolution
		{5CC1DF76-CACB-4337-8FB7-E6B9310B99D1}.Debug|Any CPU.ActiveCfg = Debug|Any CPU
		{5CC1DF76-CACB-4337-8FB7-E6B9310B99D1}.Debug|Any CPU.Build.0 = Debug|Any CPU
		{5CC1DF76-CACB-4337-8FB7-E6B9310B99D1}.Release|Any CPU.ActiveCfg = Release|Any CPU
		{5CC1DF76-CACB-4337-8FB7-E6B9310B99D1}.Release|Any CPU.Build.0 = Release|Any CPU
		{79ACAAC0-4B47-4BEA-B9C9-00A5A7AD6DA9}.Debug|Any CPU.ActiveCfg = Debug|Any CPU
		{79ACAAC0-4B47-4BEA-B9C9-00A5A7AD6DA9}.Debug|Any CPU.Build.0 = Debug|Any CPU
		{79ACAAC0-4B47-4BEA-B9C9-00A5A7AD6DA9}.Release|Any CPU.ActiveCfg = Release|Any CPU
		{79ACAAC0-4B47-4BEA-B9C9-00A5A7AD6DA9}.Release|Any CPU.Build.0 = Release|Any CPU
	EndGlobalSection
	GlobalSection(SolutionProperties) = preSolution
		HideSolutionNode = FALSE
	EndGlobalSection
	GlobalSection(ExtensibilityGlobals) = postSolution
		SolutionGuid = {159D20D4-06A9-4C9E-A497-81C2743A6D85}
	EndGlobalSection
EndGlobal
